// !$*UTF8*$!
{
	archiveVersion = 1;
	classes = {
	};
	objectVersion = 77;
	objects = {

/* Begin PBXContainerItemProxy section */
		6F1C567D2EA97C170000CD70 /* PBXContainerItemProxy */ = {
			isa = PBXContainerItemProxy;
			containerPortal = 6F1C565E2EA97C150000CD70 /* Project object */;
			proxyType = 1;
			remoteGlobalIDString = 6F1C56652EA97C150000CD70;
			remoteInfo = DiceeApp;
		};
		6F1C56872EA97C170000CD70 /* PBXContainerItemProxy */ = {
			isa = PBXContainerItemProxy;
			containerPortal = 6F1C565E2EA97C150000CD70 /* Project object */;
			proxyType = 1;
			remoteGlobalIDString = 6F1C56652EA97C150000CD70;
			remoteInfo = DiceeApp;
		};
/* End PBXContainerItemProxy section */

/* Begin PBXFileReference section */
		6F1C56662EA97C150000CD70 /* DiceeApp.app */ = {isa = PBXFileReference; explicitFileType = wrapper.application; includeInIndex = 0; path = DiceeApp.app; sourceTree = BUILT_PRODUCTS_DIR; };
		6F1C567C2EA97C170000CD70 /* DiceeAppTests.xctest */ = {isa = PBXFileReference; explicitFileType = wrapper.cfbundle; includeInIndex = 0; path = DiceeAppTests.xctest; sourceTree = BUILT_PRODUCTS_DIR; };
		6F1C56862EA97C170000CD70 /* DiceeAppUITests.xctest */ = {isa = PBXFileReference; explicitFileType = wrapper.cfbundle; includeInIndex = 0; path = DiceeAppUITests.xctest; sourceTree = BUILT_PRODUCTS_DIR; };
/* End PBXFileReference section */

/* Begin PBXFileSystemSynchronizedBuildFileExceptionSet section */
		6F1C568E2EA97C170000CD70 /* Exceptions for "DiceeApp" folder in "DiceeApp" target */ = {
			isa = PBXFileSystemSynchronizedBuildFileExceptionSet;
			membershipExceptions = (
				Info.plist,
			);
			target = 6F1C56652EA97C150000CD70 /* DiceeApp */;
		};
/* End PBXFileSystemSynchronizedBuildFileExceptionSet section */

/* Begin PBXFileSystemSynchronizedRootGroup section */
		6F1C56682EA97C150000CD70 /* DiceeApp */ = {
			isa = PBXFileSystemSynchronizedRootGroup;
			exceptions = (
				6F1C568E2EA97C170000CD70 /* Exceptions for "DiceeApp" folder in "DiceeApp" target */,
			);
			path = DiceeApp;
			sourceTree = "<group>";
		};
		6F1C567F2EA97C170000CD70 /* DiceeAppTests */ = {
			isa = PBXFileSystemSynchronizedRootGroup;
			path = DiceeAppTests;
			sourceTree = "<group>";
		};
		6F1C56892EA97C170000CD70 /* DiceeAppUITests */ = {
			isa = PBXFileSystemSynchronizedRootGroup;
			path = DiceeAppUITests;
			sourceTree = "<group>";
		};
/* End PBXFileSystemSynchronizedRootGroup section */

/* Begin PBXFrameworksBuildPhase section */
		6F1C56632EA97C150000CD70 /* Frameworks */ = {
			isa = PBXFrameworksBuildPhase;
			buildActionMask = 2147483647;
			files = (
			);
			runOnlyForDeploymentPostprocessing = 0;
		};
		6F1C56792EA97C170000CD70 /* Frameworks */ = {
			isa = PBXFrameworksBuildPhase;
			buildActionMask = 2147483647;
			files = (
			);
			runOnlyForDeploymentPostprocessing = 0;
		};
		6F1C56832EA97C170000CD70 /* Frameworks */ = {
			isa = PBXFrameworksBuildPhase;
			buildActionMask = 2147483647;
			files = (
			);
			runOnlyForDeploymentPostprocessing = 0;
		};
/* End PBXFrameworksBuildPhase section */

/* Begin PBXGroup section */
		6F1C565D2EA97C150000CD70 = {
			isa = PBXGroup;
			children = (
				6F1C56682EA97C150000CD70 /* DiceeApp */,
				6F1C567F2EA97C170000CD70 /* DiceeAppTests */,
				6F1C56892EA97C170000CD70 /* DiceeAppUITests */,
				6F1C56672EA97C150000CD70 /* Products */,
			);
			sourceTree = "<group>";
		};
		6F1C56672EA97C150000CD70 /* Products */ = {
			isa = PBXGroup;
			children = (
				6F1C56662EA97C150000CD70 /* DiceeApp.app */,
				6F1C567C2EA97C170000CD70 /* DiceeAppTests.xctest */,
				6F1C56862EA97C170000CD70 /* DiceeAppUITests.xctest */,
			);
			name = Products;
			sourceTree = "<group>";
		};
/* End PBXGroup section */

/* Begin PBXNativeTarget section */
		6F1C56652EA97C150000CD70 /* DiceeApp */ = {
			isa = PBXNativeTarget;
			buildConfigurationList = 6F1C568F2EA97C170000CD70 /* Build configuration list for PBXNativeTarget "DiceeApp" */;
			buildPhases = (
				6F1C56622EA97C150000CD70 /* Sources */,
				6F1C56632EA97C150000CD70 /* Frameworks */,
				6F1C56642EA97C150000CD70 /* Resources */,
			);
			buildRules = (
			);
			dependencies = (
			);
			fileSystemSynchronizedGroups = (
				6F1C56682EA97C150000CD70 /* DiceeApp */,
			);
			name = DiceeApp;
			packageProductDependencies = (
			);
			productName = DiceeApp;
			productReference = 6F1C56662EA97C150000CD70 /* DiceeApp.app */;
			productType = "com.apple.product-type.application";
		};
		6F1C567B2EA97C170000CD70 /* DiceeAppTests */ = {
			isa = PBXNativeTarget;
			buildConfigurationList = 6F1C56942EA97C170000CD70 /* Build configuration list for PBXNativeTarget "DiceeAppTests" */;
			buildPhases = (
				6F1C56782EA97C170000CD70 /* Sources */,
				6F1C56792EA97C170000CD70 /* Frameworks */,
				6F1C567A2EA97C170000CD70 /* Resources */,
			);
			buildRules = (
			);
			dependencies = (
				6F1C567E2EA97C170000CD70 /* PBXTargetDependency */,
			);
			fileSystemSynchronizedGroups = (
				6F1C567F2EA97C170000CD70 /* DiceeAppTests */,
			);
			name = DiceeAppTests;
			packageProductDependencies = (
			);
			productName = DiceeAppTests;
			productReference = 6F1C567C2EA97C170000CD70 /* DiceeAppTests.xctest */;
			productType = "com.apple.product-type.bundle.unit-test";
		};
		6F1C56852EA97C170000CD70 /* DiceeAppUITests */ = {
			isa = PBXNativeTarget;
			buildConfigurationList = 6F1C56972EA97C170000CD70 /* Build configuration list for PBXNativeTarget "DiceeAppUITests" */;
			buildPhases = (
				6F1C56822EA97C170000CD70 /* Sources */,
				6F1C56832EA97C170000CD70 /* Frameworks */,
				6F1C56842EA97C170000CD70 /* Resources */,
			);
			buildRules = (
			);
			dependencies = (
				6F1C56882EA97C170000CD70 /* PBXTargetDependency */,
			);
			fileSystemSynchronizedGroups = (
				6F1C56892EA97C170000CD70 /* DiceeAppUITests */,
			);
			name = DiceeAppUITests;
			packageProductDependencies = (
			);
			productName = DiceeAppUITests;
			productReference = 6F1C56862EA97C170000CD70 /* DiceeAppUITests.xctest */;
			productType = "com.apple.product-type.bundle.ui-testing";
		};
/* End PBXNativeTarget section */

/* Begin PBXProject section */
		6F1C565E2EA97C150000CD70 /* Project object */ = {
			isa = PBXProject;
			attributes = {
				BuildIndependentTargetsInParallel = 1;
				LastSwiftUpdateCheck = 1640;
				LastUpgradeCheck = 1640;
				TargetAttributes = {
					6F1C56652EA97C150000CD70 = {
						CreatedOnToolsVersion = 16.4;
					};
					6F1C567B2EA97C170000CD70 = {
						CreatedOnToolsVersion = 16.4;
						TestTargetID = 6F1C56652EA97C150000CD70;
					};
					6F1C56852EA97C170000CD70 = {
						CreatedOnToolsVersion = 16.4;
						TestTargetID = 6F1C56652EA97C150000CD70;
					};
				};
			};
			buildConfigurationList = 6F1C56612EA97C150000CD70 /* Build configuration list for PBXProject "DiceeApp" */;
			developmentRegion = en;
			hasScannedForEncodings = 0;
			knownRegions = (
				en,
				Base,
			);
			mainGroup = 6F1C565D2EA97C150000CD70;
			minimizedProjectReferenceProxies = 1;
			preferredProjectObjectVersion = 77;
			productRefGroup = 6F1C56672EA97C150000CD70 /* Products */;
			projectDirPath = "";
			projectRoot = "";
			targets = (
				6F1C56652EA97C150000CD70 /* DiceeApp */,
				6F1C567B2EA97C170000CD70 /* DiceeAppTests */,
				6F1C56852EA97C170000CD70 /* DiceeAppUITests */,
			);
		};
/* End PBXProject section */

/* Begin PBXResourcesBuildPhase section */
		6F1C56642EA97C150000CD70 /* Resources */ = {
			isa = PBXResourcesBuildPhase;
			buildActionMask = 2147483647;
			files = (
			);
			runOnlyForDeploymentPostprocessing = 0;
		};
		6F1C567A2EA97C170000CD70 /* Resources */ = {
			isa = PBXResourcesBuildPhase;
			buildActionMask = 2147483647;
			files = (
			);
			runOnlyForDeploymentPostprocessing = 0;
		};
		6F1C56842EA97C170000CD70 /* Resources */ = {
			isa = PBXResourcesBuildPhase;
			buildActionMask = 2147483647;
			files = (
			);
			runOnlyForDeploymentPostprocessing = 0;
		};
/* End PBXResourcesBuildPhase section */

/* Begin PBXSourcesBuildPhase section */
		6F1C56622EA97C150000CD70 /* Sources */ = {
			isa = PBXSourcesBuildPhase;
			buildActionMask = 2147483647;
			files = (
			);
			runOnlyForDeploymentPostprocessing = 0;
		};
		6F1C56782EA97C170000CD70 /* Sources */ = {
			isa = PBXSourcesBuildPhase;
			buildActionMask = 2147483647;
			files = (
			);
			runOnlyForDeploymentPostprocessing = 0;
		};
		6F1C56822EA97C170000CD70 /* Sources */ = {
			isa = PBXSourcesBuildPhase;
			buildActionMask = 2147483647;
			files = (
			);
			runOnlyForDeploymentPostprocessing = 0;
		};
/* End PBXSourcesBuildPhase section */

/* Begin PBXTargetDependency section */
		6F1C567E2EA97C170000CD70 /* PBXTargetDependency */ = {
			isa = PBXTargetDependency;
			target = 6F1C56652EA97C150000CD70 /* DiceeApp */;
			targetProxy = 6F1C567D2EA97C170000CD70 /* PBXContainerItemProxy */;
		};
		6F1C56882EA97C170000CD70 /* PBXTargetDependency */ = {
			isa = PBXTargetDependency;
			target = 6F1C56652EA97C150000CD70 /* DiceeApp */;
			targetProxy = 6F1C56872EA97C170000CD70 /* PBXContainerItemProxy */;
		};
/* End PBXTargetDependency section */

/* Begin XCBuildConfiguration section */
		6F1C56902EA97C170000CD70 /* Debug */ = {
			isa = XCBuildConfiguration;
			buildSettings = {
				ASSETCATALOG_COMPILER_APPICON_NAME = AppIcon;
				ASSETCATALOG_COMPILER_GLOBAL_ACCENT_COLOR_NAME = AccentColor;
				CODE_SIGN_STYLE = Automatic;
				CURRENT_PROJECT_VERSION = 1;
				DEVELOPMENT_TEAM = 2DAKGAN354;
				GENERATE_INFOPLIST_FILE = YES;
				INFOPLIST_FILE = DiceeApp/Info.plist;
				INFOPLIST_KEY_UIApplicationSupportsIndirectInputEvents = YES;
				INFOPLIST_KEY_UILaunchStoryboardName = LaunchScreen;
				INFOPLIST_KEY_UIMainStoryboardFile = Main;
				INFOPLIST_KEY_UISupportedInterfaceOrientations_iPad = "UIInterfaceOrientationPortrait UIInterfaceOrientationPortraitUpsideDown UIInterfaceOrientationLandscapeLeft UIInterfaceOrientationLandscapeRight";
				INFOPLIST_KEY_UISupportedInterfaceOrientations_iPhone = "UIInterfaceOrientationPortrait UIInterfaceOrientationLandscapeLeft UIInterfaceOrientationLandscapeRight";
				LD_RUNPATH_SEARCH_PATHS = (
					"$(inherited)",
					"@executable_path/Frameworks",
				);
				MARKETING_VERSION = 1.0;
				PRODUCT_BUNDLE_IDENTIFIER = com.rassul.DiceeApp;
				PRODUCT_NAME = "$(TARGET_NAME)";
				SWIFT_EMIT_LOC_STRINGS = YES;
				SWIFT_VERSION = 5.0;
				TARGETED_DEVICE_FAMILY = "1,2";
			};
			name = Debug;
		};
		6F1C56912EA97C170000CD70 /* Release */ = {
			isa = XCBuildConfiguration;
			buildSettings = {
				ASSETCATALOG_COMPILER_APPICON_NAME = AppIcon;
				ASSETCATALOG_COMPILER_GLOBAL_ACCENT_COLOR_NAME = AccentColor;
				CODE_SIGN_STYLE = Automatic;
				CURRENT_PROJECT_VERSION = 1;
				DEVELOPMENT_TEAM = 2DAKGAN354;
				GENERATE_INFOPLIST_FILE = YES;
				INFOPLIST_FILE = DiceeApp/Info.plist;
				INFOPLIST_KEY_UIApplicationSupportsIndirectInputEvents = YES;
				INFOPLIST_KEY_UILaunchStoryboardName = LaunchScreen;
				INFOPLIST_KEY_UIMainStoryboardFile = Main;
				INFOPLIST_KEY_UISupportedInterfaceOrientations_iPad = "UIInterfaceOrientationPortrait UIInterfaceOrientationPortraitUpsideDown UIInterfaceOrientationLandscapeLeft UIInterfaceOrientationLandscapeRight";
				INFOPLIST_KEY_UISupportedInterfaceOrientations_iPhone = "UIInterfaceOrientationPortrait UIInterfaceOrientationLandscapeLeft UIInterfaceOrientationLandscapeRight";
				LD_RUNPATH_SEARCH_PATHS = (
					"$(inherited)",
					"@executable_path/Frameworks",
				);
				MARKETING_VERSION = 1.0;
				PRODUCT_BUNDLE_IDENTIFIER = com.rassul.DiceeApp;
				PRODUCT_NAME = "$(TARGET_NAME)";
				SWIFT_EMIT_LOC_STRINGS = YES;
				SWIFT_VERSION = 5.0;
				TARGETED_DEVICE_FAMILY = "1,2";
			};
			name = Release;
		};
		6F1C56922EA97C170000CD70 /* Debug */ = {
			isa = XCBuildConfiguration;
			buildSettings = {
				ALWAYS_SEARCH_USER_PATHS = NO;
				ASSETCATALOG_COMPILER_GENERATE_SWIFT_ASSET_SYMBOL_EXTENSIONS = YES;
				CLANG_ANALYZER_NONNULL = YES;
				CLANG_ANALYZER_NUMBER_OBJECT_CONVERSION = YES_AGGRESSIVE;
				CLANG_CXX_LANGUAGE_STANDARD = "gnu++20";
				CLANG_ENABLE_MODULES = YES;
				CLANG_ENABLE_OBJC_ARC = YES;
				CLANG_ENABLE_OBJC_WEAK = YES;
				CLANG_WARN_BLOCK_CAPTURE_AUTORELEASING = YES;
				CLANG_WARN_BOOL_CONVERSION = YES;
				CLANG_WARN_COMMA = YES;
				CLANG_WARN_CONSTANT_CONVERSION = YES;
				CLANG_WARN_DEPRECATED_OBJC_IMPLEMENTATIONS = YES;
				CLANG_WARN_DIRECT_OBJC_ISA_USAGE = YES_ERROR;
				CLANG_WARN_DOCUMENTATION_COMMENTS = YES;
				CLANG_WARN_EMPTY_BODY = YES;
				CLANG_WARN_ENUM_CONVERSION = YES;
				CLANG_WARN_INFINITE_RECURSION = YES;
				CLANG_WARN_INT_CONVERSION = YES;
				CLANG_WARN_NON_LITERAL_NULL_CONVERSION = YES;
				CLANG_WARN_OBJC_IMPLICIT_RETAIN_SELF = YES;
				CLANG_WARN_OBJC_LITERAL_CONVERSION = YES;
				CLANG_WARN_OBJC_ROOT_CLASS = YES_ERROR;
				CLANG_WARN_QUOTED_INCLUDE_IN_FRAMEWORK_HEADER = YES;
				CLANG_WARN_RANGE_LOOP_ANALYSIS = YES;
				CLANG_WARN_STRICT_PROTOTYPES = YES;
				CLANG_WARN_SUSPICIOUS_MOVE = YES;
				CLANG_WARN_UNGUARDED_AVAILABILITY = YES_AGGRESSIVE;
				CLANG_WARN_UNREACHABLE_CODE = YES;
				CLANG_WARN__DUPLICATE_METHOD_MATCH = YES;
				COPY_PHASE_STRIP = NO;
				DEBUG_INFORMATION_FORMAT = dwarf;
				ENABLE_STRICT_OBJC_MSGSEND = YES;
				ENABLE_TESTABILITY = YES;
				ENABLE_USER_SCRIPT_SANDBOXING = YES;
				GCC_C_LANGUAGE_STANDARD = gnu17;
				GCC_DYNAMIC_NO_PIC = NO;
				GCC_NO_COMMON_BLOCKS = YES;
				GCC_OPTIMIZATION_LEVEL = 0;
				GCC_PREPROCESSOR_DEFINITIONS = (
					"DEBUG=1",
					"$(inherited)",
				);
				GCC_WARN_64_TO_32_BIT_CONVERSION = YES;
				GCC_WARN_ABOUT_RETURN_TYPE = YES_ERROR;
				GCC_WARN_UNDECLARED_SELECTOR = YES;
				GCC_WARN_UNINITIALIZED_AUTOS = YES_AGGRESSIVE;
				GCC_WARN_UNUSED_FUNCTION = YES;
				GCC_WARN_UNUSED_VARIABLE = YES;
				IPHONEOS_DEPLOYMENT_TARGET = 18.5;
				LOCALIZATION_PREFERS_STRING_CATALOGS = YES;
				MTL_ENABLE_DEBUG_INFO = INCLUDE_SOURCE;
				MTL_FAST_MATH = YES;
				ONLY_ACTIVE_ARCH = YES;
				SDKROOT = iphoneos;
				SWIFT_ACTIVE_COMPILATION_CONDITIONS = "DEBUG $(inherited)";
				SWIFT_OPTIMIZATION_LEVEL = "-Onone";
			};
			name = Debug;
		};
		6F1C56932EA97C170000CD70 /* Release */ = {
			isa = XCBuildConfiguration;
			buildSettings = {
				ALWAYS_SEARCH_USER_PATHS = NO;
				ASSETCATALOG_COMPILER_GENERATE_SWIFT_ASSET_SYMBOL_EXTENSIONS = YES;
				CLANG_ANALYZER_NONNULL = YES;
				CLANG_ANALYZER_NUMBER_OBJECT_CONVERSION = YES_AGGRESSIVE;
				CLANG_CXX_LANGUAGE_STANDARD = "gnu++20";
				CLANG_ENABLE_MODULES = YES;
				CLANG_ENABLE_OBJC_ARC = YES;
				CLANG_ENABLE_OBJC_WEAK = YES;
				CLANG_WARN_BLOCK_CAPTURE_AUTORELEASING = YES;
				CLANG_WARN_BOOL_CONVERSION = YES;
				CLANG_WARN_COMMA = YES;
				CLANG_WARN_CONSTANT_CONVERSION = YES;
				CLANG_WARN_DEPRECATED_OBJC_IMPLEMENTATIONS = YES;
				CLANG_WARN_DIRECT_OBJC_ISA_USAGE = YES_ERROR;
				CLANG_WARN_DOCUMENTATION_COMMENTS = YES;
				CLANG_WARN_EMPTY_BODY = YES;
				CLANG_WARN_ENUM_CONVERSION = YES;
				CLANG_WARN_INFINITE_RECURSION = YES;
				CLANG_WARN_INT_CONVERSION = YES;
				CLANG_WARN_NON_LITERAL_NULL_CONVERSION = YES;
				CLANG_WARN_OBJC_IMPLICIT_RETAIN_SELF = YES;
				CLANG_WARN_OBJC_LITERAL_CONVERSION = YES;
				CLANG_WARN_OBJC_ROOT_CLASS = YES_ERROR;
				CLANG_WARN_QUOTED_INCLUDE_IN_FRAMEWORK_HEADER = YES;
				CLANG_WARN_RANGE_LOOP_ANALYSIS = YES;
				CLANG_WARN_STRICT_PROTOTYPES = YES;
				CLANG_WARN_SUSPICIOUS_MOVE = YES;
				CLANG_WARN_UNGUARDED_AVAILABILITY = YES_AGGRESSIVE;
				CLANG_WARN_UNREACHABLE_CODE = YES;
				CLANG_WARN__DUPLICATE_METHOD_MATCH = YES;
				COPY_PHASE_STRIP = NO;
				DEBUG_INFORMATION_FORMAT = "dwarf-with-dsym";
				ENABLE_NS_ASSERTIONS = NO;
				ENABLE_STRICT_OBJC_MSGSEND = YES;
				ENABLE_USER_SCRIPT_SANDBOXING = YES;
				GCC_C_LANGUAGE_STANDARD = gnu17;
				GCC_NO_COMMON_BLOCKS = YES;
				GCC_WARN_64_TO_32_BIT_CONVERSION = YES;
				GCC_WARN_ABOUT_RETURN_TYPE = YES_ERROR;
				GCC_WARN_UNDECLARED_SELECTOR = YES;
				GCC_WARN_UNINITIALIZED_AUTOS = YES_AGGRESSIVE;
				GCC_WARN_UNUSED_FUNCTION = YES;
				GCC_WARN_UNUSED_VARIABLE = YES;
				IPHONEOS_DEPLOYMENT_TARGET = 18.5;
				LOCALIZATION_PREFERS_STRING_CATALOGS = YES;
				MTL_ENABLE_DEBUG_INFO = NO;
				MTL_FAST_MATH = YES;
				SDKROOT = iphoneos;
				SWIFT_COMPILATION_MODE = wholemodule;
				VALIDATE_PRODUCT = YES;
			};
			name = Release;
		};
		6F1C56952EA97C170000CD70 /* Debug */ = {
			isa = XCBuildConfiguration;
			buildSettings = {
				BUNDLE_LOADER = "$(TEST_HOST)";
				CODE_SIGN_STYLE = Automatic;
				CURRENT_PROJECT_VERSION = 1;
				GENERATE_INFOPLIST_FILE = YES;
				IPHONEOS_DEPLOYMENT_TARGET = 18.5;
				MARKETING_VERSION = 1.0;
				PRODUCT_BUNDLE_IDENTIFIER = com.rassul.DiceeAppTests;
				PRODUCT_NAME = "$(TARGET_NAME)";
				SWIFT_EMIT_LOC_STRINGS = NO;
				SWIFT_VERSION = 5.0;
				TARGETED_DEVICE_FAMILY = "1,2";
				TEST_HOST = "$(BUILT_PRODUCTS_DIR)/DiceeApp.app/$(BUNDLE_EXECUTABLE_FOLDER_PATH)/DiceeApp";
			};
			name = Debug;
		};
		6F1C56962EA97C170000CD70 /* Release */ = {
			isa = XCBuildConfiguration;
			buildSettings = {
				BUNDLE_LOADER = "$(TEST_HOST)";
				CODE_SIGN_STYLE = Automatic;
				CURRENT_PROJECT_VERSION = 1;
				GENERATE_INFOPLIST_FILE = YES;
				IPHONEOS_DEPLOYMENT_TARGET = 18.5;
				MARKETING_VERSION = 1.0;
				PRODUCT_BUNDLE_IDENTIFIER = com.rassul.DiceeAppTests;
				PRODUCT_NAME = "$(TARGET_NAME)";
				SWIFT_EMIT_LOC_STRINGS = NO;
				SWIFT_VERSION = 5.0;
				TARGETED_DEVICE_FAMILY = "1,2";
				TEST_HOST = "$(BUILT_PRODUCTS_DIR)/DiceeApp.app/$(BUNDLE_EXECUTABLE_FOLDER_PATH)/DiceeApp";
			};
			name = Release;
		};
		6F1C56982EA97C170000CD70 /* Debug */ = {
			isa = XCBuildConfiguration;
			buildSettings = {
				CODE_SIGN_STYLE = Automatic;
				CURRENT_PROJECT_VERSION = 1;
				GENERATE_INFOPLIST_FILE = YES;
				MARKETING_VERSION = 1.0;
				PRODUCT_BUNDLE_IDENTIFIER = com.rassul.DiceeAppUITests;
				PRODUCT_NAME = "$(TARGET_NAME)";
				SWIFT_EMIT_LOC_STRINGS = NO;
				SWIFT_VERSION = 5.0;
				TARGETED_DEVICE_FAMILY = "1,2";
				TEST_TARGET_NAME = DiceeApp;
			};
			name = Debug;
		};
		6F1C56992EA97C170000CD70 /* Release */ = {
			isa = XCBuildConfiguration;
			buildSettings = {
				CODE_SIGN_STYLE = Automatic;
				CURRENT_PROJECT_VERSION = 1;
				GENERATE_INFOPLIST_FILE = YES;
				MARKETING_VERSION = 1.0;
				PRODUCT_BUNDLE_IDENTIFIER = com.rassul.DiceeAppUITests;
				PRODUCT_NAME = "$(TARGET_NAME)";
				SWIFT_EMIT_LOC_STRINGS = NO;
				SWIFT_VERSION = 5.0;
				TARGETED_DEVICE_FAMILY = "1,2";
				TEST_TARGET_NAME = DiceeApp;
			};
			name = Release;
		};
/* End XCBuildConfiguration section */

/* Begin XCConfigurationList section */
		6F1C56612EA97C150000CD70 /* Build configuration list for PBXProject "DiceeApp" */ = {
			isa = XCConfigurationList;
			buildConfigurations = (
				6F1C56922EA97C170000CD70 /* Debug */,
				6F1C56932EA97C170000CD70 /* Release */,
			);
			defaultConfigurationIsVisible = 0;
			defaultConfigurationName = Release;
		};
		6F1C568F2EA97C170000CD70 /* Build configuration list for PBXNativeTarget "DiceeApp" */ = {
			isa = XCConfigurationList;
			buildConfigurations = (
				6F1C56902EA97C170000CD70 /* Debug */,
				6F1C56912EA97C170000CD70 /* Release */,
			);
			defaultConfigurationIsVisible = 0;
			defaultConfigurationName = Release;
		};
		6F1C56942EA97C170000CD70 /* Build configuration list for PBXNativeTarget "DiceeAppTests" */ = {
			isa = XCConfigurationList;
			buildConfigurations = (
				6F1C56952EA97C170000CD70 /* Debug */,
				6F1C56962EA97C170000CD70 /* Release */,
			);
			defaultConfigurationIsVisible = 0;
			defaultConfigurationName = Release;
		};
		6F1C56972EA97C170000CD70 /* Build configuration list for PBXNativeTarget "DiceeAppUITests" */ = {
			isa = XCConfigurationList;
			buildConfigurations = (
				6F1C56982EA97C170000CD70 /* Debug */,
				6F1C56992EA97C170000CD70 /* Release */,
			);
			defaultConfigurationIsVisible = 0;
			defaultConfigurationName = Release;
		};
/* End XCConfigurationList section */
	};
	rootObject = 6F1C565E2EA97C150000CD70 /* Project object */;
}
