// !$*UTF8*$!
{
	archiveVersion = 1;
	classes = {
	};
	objectVersion = 77;
	objects = {

/* Begin PBXContainerItemProxy section */
		6FB5DE192EC7D7F400DB4B31 /* PBXContainerItemProxy */ = {
			isa = PBXContainerItemProxy;
			containerPortal = 6FB5DDFA2EC7D7F300DB4B31 /* Project object */;
			proxyType = 1;
			remoteGlobalIDString = 6FB5DE012EC7D7F300DB4B31;
			remoteInfo = Spotify_MusicPlayer;
		};
		6FB5DE232EC7D7F400DB4B31 /* PBXContainerItemProxy */ = {
			isa = PBXContainerItemProxy;
			containerPortal = 6FB5DDFA2EC7D7F300DB4B31 /* Project object */;
			proxyType = 1;
			remoteGlobalIDString = 6FB5DE012EC7D7F300DB4B31;
			remoteInfo = Spotify_MusicPlayer;
		};
/* End PBXContainerItemProxy section */

/* Begin PBXFileReference section */
		6FB5DE022EC7D7F300DB4B31 /* Spotify_MusicPlayer.app */ = {isa = PBXFileReference; explicitFileType = wrapper.application; includeInIndex = 0; path = Spotify_MusicPlayer.app; sourceTree = BUILT_PRODUCTS_DIR; };
		6FB5DE182EC7D7F400DB4B31 /* Spotify_MusicPlayerTests.xctest */ = {isa = PBXFileReference; explicitFileType = wrapper.cfbundle; includeInIndex = 0; path = Spotify_MusicPlayerTests.xctest; sourceTree = BUILT_PRODUCTS_DIR; };
		6FB5DE222EC7D7F400DB4B31 /* Spotify_MusicPlayerUITests.xctest */ = {isa = PBXFileReference; explicitFileType = wrapper.cfbundle; includeInIndex = 0; path = Spotify_MusicPlayerUITests.xctest; sourceTree = BUILT_PRODUCTS_DIR; };
/* End PBXFileReference section */

/* Begin PBXFileSystemSynchronizedBuildFileExceptionSet section */
		6FB5DE2A2EC7D7F400DB4B31 /* Exceptions for "Spotify_MusicPlayer" folder in "Spotify_MusicPlayer" target */ = {
			isa = PBXFileSystemSynchronizedBuildFileExceptionSet;
			membershipExceptions = (
				Info.plist,
			);
			target = 6FB5DE012EC7D7F300DB4B31 /* Spotify_MusicPlayer */;
		};
/* End PBXFileSystemSynchronizedBuildFileExceptionSet section */

/* Begin PBXFileSystemSynchronizedRootGroup section */
		6FB5DE042EC7D7F300DB4B31 /* Spotify_MusicPlayer */ = {
			isa = PBXFileSystemSynchronizedRootGroup;
			exceptions = (
				6FB5DE2A2EC7D7F400DB4B31 /* Exceptions for "Spotify_MusicPlayer" folder in "Spotify_MusicPlayer" target */,
			);
			path = Spotify_MusicPlayer;
			sourceTree = "<group>";
		};
		6FB5DE1B2EC7D7F400DB4B31 /* Spotify_MusicPlayerTests */ = {
			isa = PBXFileSystemSynchronizedRootGroup;
			path = Spotify_MusicPlayerTests;
			sourceTree = "<group>";
		};
		6FB5DE252EC7D7F400DB4B31 /* Spotify_MusicPlayerUITests */ = {
			isa = PBXFileSystemSynchronizedRootGroup;
			path = Spotify_MusicPlayerUITests;
			sourceTree = "<group>";
		};
/* End PBXFileSystemSynchronizedRootGroup section */

/* Begin PBXFrameworksBuildPhase section */
		6FB5DDFF2EC7D7F300DB4B31 /* Frameworks */ = {
			isa = PBXFrameworksBuildPhase;
			buildActionMask = 2147483647;
			files = (
			);
			runOnlyForDeploymentPostprocessing = 0;
		};
		6FB5DE152EC7D7F400DB4B31 /* Frameworks */ = {
			isa = PBXFrameworksBuildPhase;
			buildActionMask = 2147483647;
			files = (
			);
			runOnlyForDeploymentPostprocessing = 0;
		};
		6FB5DE1F2EC7D7F400DB4B31 /* Frameworks */ = {
			isa = PBXFrameworksBuildPhase;
			buildActionMask = 2147483647;
			files = (
			);
			runOnlyForDeploymentPostprocessing = 0;
		};
/* End PBXFrameworksBuildPhase section */

/* Begin PBXGroup section */
		6FB5DDF92EC7D7F300DB4B31 = {
			isa = PBXGroup;
			children = (
				6FB5DE042EC7D7F300DB4B31 /* Spotify_MusicPlayer */,
				6FB5DE1B2EC7D7F400DB4B31 /* Spotify_MusicPlayerTests */,
				6FB5DE252EC7D7F400DB4B31 /* Spotify_MusicPlayerUITests */,
				6FB5DE032EC7D7F300DB4B31 /* Products */,
			);
			sourceTree = "<group>";
		};
		6FB5DE032EC7D7F300DB4B31 /* Products */ = {
			isa = PBXGroup;
			children = (
				6FB5DE022EC7D7F300DB4B31 /* Spotify_MusicPlayer.app */,
				6FB5DE182EC7D7F400DB4B31 /* Spotify_MusicPlayerTests.xctest */,
				6FB5DE222EC7D7F400DB4B31 /* Spotify_MusicPlayerUITests.xctest */,
			);
			name = Products;
			sourceTree = "<group>";
		};
/* End PBXGroup section */

/* Begin PBXNativeTarget section */
		6FB5DE012EC7D7F300DB4B31 /* Spotify_MusicPlayer */ = {
			isa = PBXNativeTarget;
			buildConfigurationList = 6FB5DE2B2EC7D7F400DB4B31 /* Build configuration list for PBXNativeTarget "Spotify_MusicPlayer" */;
			buildPhases = (
				6FB5DDFE2EC7D7F300DB4B31 /* Sources */,
				6FB5DDFF2EC7D7F300DB4B31 /* Frameworks */,
				6FB5DE002EC7D7F300DB4B31 /* Resources */,
			);
			buildRules = (
			);
			dependencies = (
			);
			fileSystemSynchronizedGroups = (
				6FB5DE042EC7D7F300DB4B31 /* Spotify_MusicPlayer */,
			);
			name = Spotify_MusicPlayer;
			packageProductDependencies = (
			);
			productName = Spotify_MusicPlayer;
			productReference = 6FB5DE022EC7D7F300DB4B31 /* Spotify_MusicPlayer.app */;
			productType = "com.apple.product-type.application";
		};
		6FB5DE172EC7D7F400DB4B31 /* Spotify_MusicPlayerTests */ = {
			isa = PBXNativeTarget;
			buildConfigurationList = 6FB5DE302EC7D7F400DB4B31 /* Build configuration list for PBXNativeTarget "Spotify_MusicPlayerTests" */;
			buildPhases = (
				6FB5DE142EC7D7F400DB4B31 /* Sources */,
				6FB5DE152EC7D7F400DB4B31 /* Frameworks */,
				6FB5DE162EC7D7F400DB4B31 /* Resources */,
			);
			buildRules = (
			);
			dependencies = (
				6FB5DE1A2EC7D7F400DB4B31 /* PBXTargetDependency */,
			);
			fileSystemSynchronizedGroups = (
				6FB5DE1B2EC7D7F400DB4B31 /* Spotify_MusicPlayerTests */,
			);
			name = Spotify_MusicPlayerTests;
			packageProductDependencies = (
			);
			productName = Spotify_MusicPlayerTests;
			productReference = 6FB5DE182EC7D7F400DB4B31 /* Spotify_MusicPlayerTests.xctest */;
			productType = "com.apple.product-type.bundle.unit-test";
		};
		6FB5DE212EC7D7F400DB4B31 /* Spotify_MusicPlayerUITests */ = {
			isa = PBXNativeTarget;
			buildConfigurationList = 6FB5DE332EC7D7F400DB4B31 /* Build configuration list for PBXNativeTarget "Spotify_MusicPlayerUITests" */;
			buildPhases = (
				6FB5DE1E2EC7D7F400DB4B31 /* Sources */,
				6FB5DE1F2EC7D7F400DB4B31 /* Frameworks */,
				6FB5DE202EC7D7F400DB4B31 /* Resources */,
			);
			buildRules = (
			);
			dependencies = (
				6FB5DE242EC7D7F400DB4B31 /* PBXTargetDependency */,
			);
			fileSystemSynchronizedGroups = (
				6FB5DE252EC7D7F400DB4B31 /* Spotify_MusicPlayerUITests */,
			);
			name = Spotify_MusicPlayerUITests;
			packageProductDependencies = (
			);
			productName = Spotify_MusicPlayerUITests;
			productReference = 6FB5DE222EC7D7F400DB4B31 /* Spotify_MusicPlayerUITests.xctest */;
			productType = "com.apple.product-type.bundle.ui-testing";
		};
/* End PBXNativeTarget section */

/* Begin PBXProject section */
		6FB5DDFA2EC7D7F300DB4B31 /* Project object */ = {
			isa = PBXProject;
			attributes = {
				BuildIndependentTargetsInParallel = 1;
				LastSwiftUpdateCheck = 1640;
				LastUpgradeCheck = 1640;
				TargetAttributes = {
					6FB5DE012EC7D7F300DB4B31 = {
						CreatedOnToolsVersion = 16.4;
					};
					6FB5DE172EC7D7F400DB4B31 = {
						CreatedOnToolsVersion = 16.4;
						TestTargetID = 6FB5DE012EC7D7F300DB4B31;
					};
					6FB5DE212EC7D7F400DB4B31 = {
						CreatedOnToolsVersion = 16.4;
						TestTargetID = 6FB5DE012EC7D7F300DB4B31;
					};
				};
			};
			buildConfigurationList = 6FB5DDFD2EC7D7F300DB4B31 /* Build configuration list for PBXProject "Spotify_MusicPlayer" */;
			developmentRegion = en;
			hasScannedForEncodings = 0;
			knownRegions = (
				en,
				Base,
			);
			mainGroup = 6FB5DDF92EC7D7F300DB4B31;
			minimizedProjectReferenceProxies = 1;
			preferredProjectObjectVersion = 77;
			productRefGroup = 6FB5DE032EC7D7F300DB4B31 /* Products */;
			projectDirPath = "";
			projectRoot = "";
			targets = (
				6FB5DE012EC7D7F300DB4B31 /* Spotify_MusicPlayer */,
				6FB5DE172EC7D7F400DB4B31 /* Spotify_MusicPlayerTests */,
				6FB5DE212EC7D7F400DB4B31 /* Spotify_MusicPlayerUITests */,
			);
		};
/* End PBXProject section */

/* Begin PBXResourcesBuildPhase section */
		6FB5DE002EC7D7F300DB4B31 /* Resources */ = {
			isa = PBXResourcesBuildPhase;
			buildActionMask = 2147483647;
			files = (
			);
			runOnlyForDeploymentPostprocessing = 0;
		};
		6FB5DE162EC7D7F400DB4B31 /* Resources */ = {
			isa = PBXResourcesBuildPhase;
			buildActionMask = 2147483647;
			files = (
			);
			runOnlyForDeploymentPostprocessing = 0;
		};
		6FB5DE202EC7D7F400DB4B31 /* Resources */ = {
			isa = PBXResourcesBuildPhase;
			buildActionMask = 2147483647;
			files = (
			);
			runOnlyForDeploymentPostprocessing = 0;
		};
/* End PBXResourcesBuildPhase section */

/* Begin PBXSourcesBuildPhase section */
		6FB5DDFE2EC7D7F300DB4B31 /* Sources */ = {
			isa = PBXSourcesBuildPhase;
			buildActionMask = 2147483647;
			files = (
			);
			runOnlyForDeploymentPostprocessing = 0;
		};
		6FB5DE142EC7D7F400DB4B31 /* Sources */ = {
			isa = PBXSourcesBuildPhase;
			buildActionMask = 2147483647;
			files = (
			);
			runOnlyForDeploymentPostprocessing = 0;
		};
		6FB5DE1E2EC7D7F400DB4B31 /* Sources */ = {
			isa = PBXSourcesBuildPhase;
			buildActionMask = 2147483647;
			files = (
			);
			runOnlyForDeploymentPostprocessing = 0;
		};
/* End PBXSourcesBuildPhase section */

/* Begin PBXTargetDependency section */
		6FB5DE1A2EC7D7F400DB4B31 /* PBXTargetDependency */ = {
			isa = PBXTargetDependency;
			target = 6FB5DE012EC7D7F300DB4B31 /* Spotify_MusicPlayer */;
			targetProxy = 6FB5DE192EC7D7F400DB4B31 /* PBXContainerItemProxy */;
		};
		6FB5DE242EC7D7F400DB4B31 /* PBXTargetDependency */ = {
			isa = PBXTargetDependency;
			target = 6FB5DE012EC7D7F300DB4B31 /* Spotify_MusicPlayer */;
			targetProxy = 6FB5DE232EC7D7F400DB4B31 /* PBXContainerItemProxy */;
		};
/* End PBXTargetDependency section */

/* Begin XCBuildConfiguration section */
		6FB5DE2C2EC7D7F400DB4B31 /* Debug */ = {
			isa = XCBuildConfiguration;
			buildSettings = {
				ASSETCATALOG_COMPILER_APPICON_NAME = AppIcon;
				ASSETCATALOG_COMPILER_GLOBAL_ACCENT_COLOR_NAME = AccentColor;
				CODE_SIGN_STYLE = Automatic;
				CURRENT_PROJECT_VERSION = 1;
				DEVELOPMENT_TEAM = 2DAKGAN354;
				GENERATE_INFOPLIST_FILE = YES;
				INFOPLIST_FILE = Spotify_MusicPlayer/Info.plist;
				INFOPLIST_KEY_UIApplicationSupportsIndirectInputEvents = YES;
				INFOPLIST_KEY_UILaunchStoryboardName = LaunchScreen;
				INFOPLIST_KEY_UIMainStoryboardFile = Main;
				INFOPLIST_KEY_UISupportedInterfaceOrientations_iPad = "UIInterfaceOrientationPortrait UIInterfaceOrientationPortraitUpsideDown UIInterfaceOrientationLandscapeLeft UIInterfaceOrientationLandscapeRight";
				INFOPLIST_KEY_UISupportedInterfaceOrientations_iPhone = "UIInterfaceOrientationPortrait UIInterfaceOrientationLandscapeLeft UIInterfaceOrientationLandscapeRight";
				IPHONEOS_DEPLOYMENT_TARGET = 15.6;
				LD_RUNPATH_SEARCH_PATHS = (
					"$(inherited)",
					"@executable_path/Frameworks",
				);
				MARKETING_VERSION = 1.0;
				PRODUCT_BUNDLE_IDENTIFIER = "com.rassul.Spotify-MusicPlayer";
				PRODUCT_NAME = "$(TARGET_NAME)";
				SWIFT_EMIT_LOC_STRINGS = YES;
				SWIFT_VERSION = 5.0;
				TARGETED_DEVICE_FAMILY = "1,2";
			};
			name = Debug;
		};
		6FB5DE2D2EC7D7F400DB4B31 /* Release */ = {
			isa = XCBuildConfiguration;
			buildSettings = {
				ASSETCATALOG_COMPILER_APPICON_NAME = AppIcon;
				ASSETCATALOG_COMPILER_GLOBAL_ACCENT_COLOR_NAME = AccentColor;
				CODE_SIGN_STYLE = Automatic;
				CURRENT_PROJECT_VERSION = 1;
				DEVELOPMENT_TEAM = 2DAKGAN354;
				GENERATE_INFOPLIST_FILE = YES;
				INFOPLIST_FILE = Spotify_MusicPlayer/Info.plist;
				INFOPLIST_KEY_UIApplicationSupportsIndirectInputEvents = YES;
				INFOPLIST_KEY_UILaunchStoryboardName = LaunchScreen;
				INFOPLIST_KEY_UIMainStoryboardFile = Main;
				INFOPLIST_KEY_UISupportedInterfaceOrientations_iPad = "UIInterfaceOrientationPortrait UIInterfaceOrientationPortraitUpsideDown UIInterfaceOrientationLandscapeLeft UIInterfaceOrientationLandscapeRight";
				INFOPLIST_KEY_UISupportedInterfaceOrientations_iPhone = "UIInterfaceOrientationPortrait UIInterfaceOrientationLandscapeLeft UIInterfaceOrientationLandscapeRight";
				IPHONEOS_DEPLOYMENT_TARGET = 15.6;
				LD_RUNPATH_SEARCH_PATHS = (
					"$(inherited)",
					"@executable_path/Frameworks",
				);
				MARKETING_VERSION = 1.0;
				PRODUCT_BUNDLE_IDENTIFIER = "com.rassul.Spotify-MusicPlayer";
				PRODUCT_NAME = "$(TARGET_NAME)";
				SWIFT_EMIT_LOC_STRINGS = YES;
				SWIFT_VERSION = 5.0;
				TARGETED_DEVICE_FAMILY = "1,2";
			};
			name = Release;
		};
		6FB5DE2E2EC7D7F400DB4B31 /* Debug */ = {
			isa = XCBuildConfiguration;
			buildSettings = {
				ALWAYS_SEARCH_USER_PATHS = NO;
				ASSETCATALOG_COMPILER_GENERATE_SWIFT_ASSET_SYMBOL_EXTENSIONS = YES;
				CLANG_ANALYZER_NONNULL = YES;
				CLANG_ANALYZER_NUMBER_OBJECT_CONVERSION = YES_AGGRESSIVE;
				CLANG_CXX_LANGUAGE_STANDARD = "gnu++20";
				CLANG_ENABLE_MODULES = YES;
				CLANG_ENABLE_OBJC_ARC = YES;
				CLANG_ENABLE_OBJC_WEAK = YES;
				CLANG_WARN_BLOCK_CAPTURE_AUTORELEASING = YES;
				CLANG_WARN_BOOL_CONVERSION = YES;
				CLANG_WARN_COMMA = YES;
				CLANG_WARN_CONSTANT_CONVERSION = YES;
				CLANG_WARN_DEPRECATED_OBJC_IMPLEMENTATIONS = YES;
				CLANG_WARN_DIRECT_OBJC_ISA_USAGE = YES_ERROR;
				CLANG_WARN_DOCUMENTATION_COMMENTS = YES;
				CLANG_WARN_EMPTY_BODY = YES;
				CLANG_WARN_ENUM_CONVERSION = YES;
				CLANG_WARN_INFINITE_RECURSION = YES;
				CLANG_WARN_INT_CONVERSION = YES;
				CLANG_WARN_NON_LITERAL_NULL_CONVERSION = YES;
				CLANG_WARN_OBJC_IMPLICIT_RETAIN_SELF = YES;
				CLANG_WARN_OBJC_LITERAL_CONVERSION = YES;
				CLANG_WARN_OBJC_ROOT_CLASS = YES_ERROR;
				CLANG_WARN_QUOTED_INCLUDE_IN_FRAMEWORK_HEADER = YES;
				CLANG_WARN_RANGE_LOOP_ANALYSIS = YES;
				CLANG_WARN_STRICT_PROTOTYPES = YES;
				CLANG_WARN_SUSPICIOUS_MOVE = YES;
				CLANG_WARN_UNGUARDED_AVAILABILITY = YES_AGGRESSIVE;
				CLANG_WARN_UNREACHABLE_CODE = YES;
				CLANG_WARN__DUPLICATE_METHOD_MATCH = YES;
				COPY_PHASE_STRIP = NO;
				DEBUG_INFORMATION_FORMAT = dwarf;
				DEVELOPMENT_TEAM = 2DAKGAN354;
				ENABLE_STRICT_OBJC_MSGSEND = YES;
				ENABLE_TESTABILITY = YES;
				ENABLE_USER_SCRIPT_SANDBOXING = YES;
				GCC_C_LANGUAGE_STANDARD = gnu17;
				GCC_DYNAMIC_NO_PIC = NO;
				GCC_NO_COMMON_BLOCKS = YES;
				GCC_OPTIMIZATION_LEVEL = 0;
				GCC_PREPROCESSOR_DEFINITIONS = (
					"DEBUG=1",
					"$(inherited)",
				);
				GCC_WARN_64_TO_32_BIT_CONVERSION = YES;
				GCC_WARN_ABOUT_RETURN_TYPE = YES_ERROR;
				GCC_WARN_UNDECLARED_SELECTOR = YES;
				GCC_WARN_UNINITIALIZED_AUTOS = YES_AGGRESSIVE;
				GCC_WARN_UNUSED_FUNCTION = YES;
				GCC_WARN_UNUSED_VARIABLE = YES;
				IPHONEOS_DEPLOYMENT_TARGET = 18.5;
				LOCALIZATION_PREFERS_STRING_CATALOGS = YES;
				MTL_ENABLE_DEBUG_INFO = INCLUDE_SOURCE;
				MTL_FAST_MATH = YES;
				ONLY_ACTIVE_ARCH = YES;
				SDKROOT = iphoneos;
				SWIFT_ACTIVE_COMPILATION_CONDITIONS = "DEBUG $(inherited)";
				SWIFT_OPTIMIZATION_LEVEL = "-Onone";
			};
			name = Debug;
		};
		6FB5DE2F2EC7D7F400DB4B31 /* Release */ = {
			isa = XCBuildConfiguration;
			buildSettings = {
				ALWAYS_SEARCH_USER_PATHS = NO;
				ASSETCATALOG_COMPILER_GENERATE_SWIFT_ASSET_SYMBOL_EXTENSIONS = YES;
				CLANG_ANALYZER_NONNULL = YES;
				CLANG_ANALYZER_NUMBER_OBJECT_CONVERSION = YES_AGGRESSIVE;
				CLANG_CXX_LANGUAGE_STANDARD = "gnu++20";
				CLANG_ENABLE_MODULES = YES;
				CLANG_ENABLE_OBJC_ARC = YES;
				CLANG_ENABLE_OBJC_WEAK = YES;
				CLANG_WARN_BLOCK_CAPTURE_AUTORELEASING = YES;
				CLANG_WARN_BOOL_CONVERSION = YES;
				CLANG_WARN_COMMA = YES;
				CLANG_WARN_CONSTANT_CONVERSION = YES;
				CLANG_WARN_DEPRECATED_OBJC_IMPLEMENTATIONS = YES;
				CLANG_WARN_DIRECT_OBJC_ISA_USAGE = YES_ERROR;
				CLANG_WARN_DOCUMENTATION_COMMENTS = YES;
				CLANG_WARN_EMPTY_BODY = YES;
				CLANG_WARN_ENUM_CONVERSION = YES;
				CLANG_WARN_INFINITE_RECURSION = YES;
				CLANG_WARN_INT_CONVERSION = YES;
				CLANG_WARN_NON_LITERAL_NULL_CONVERSION = YES;
				CLANG_WARN_OBJC_IMPLICIT_RETAIN_SELF = YES;
				CLANG_WARN_OBJC_LITERAL_CONVERSION = YES;
				CLANG_WARN_OBJC_ROOT_CLASS = YES_ERROR;
				CLANG_WARN_QUOTED_INCLUDE_IN_FRAMEWORK_HEADER = YES;
				CLANG_WARN_RANGE_LOOP_ANALYSIS = YES;
				CLANG_WARN_STRICT_PROTOTYPES = YES;
				CLANG_WARN_SUSPICIOUS_MOVE = YES;
				CLANG_WARN_UNGUARDED_AVAILABILITY = YES_AGGRESSIVE;
				CLANG_WARN_UNREACHABLE_CODE = YES;
				CLANG_WARN__DUPLICATE_METHOD_MATCH = YES;
				COPY_PHASE_STRIP = NO;
				DEBUG_INFORMATION_FORMAT = "dwarf-with-dsym";
				DEVELOPMENT_TEAM = 2DAKGAN354;
				ENABLE_NS_ASSERTIONS = NO;
				ENABLE_STRICT_OBJC_MSGSEND = YES;
				ENABLE_USER_SCRIPT_SANDBOXING = YES;
				GCC_C_LANGUAGE_STANDARD = gnu17;
				GCC_NO_COMMON_BLOCKS = YES;
				GCC_WARN_64_TO_32_BIT_CONVERSION = YES;
				GCC_WARN_ABOUT_RETURN_TYPE = YES_ERROR;
				GCC_WARN_UNDECLARED_SELECTOR = YES;
				GCC_WARN_UNINITIALIZED_AUTOS = YES_AGGRESSIVE;
				GCC_WARN_UNUSED_FUNCTION = YES;
				GCC_WARN_UNUSED_VARIABLE = YES;
				IPHONEOS_DEPLOYMENT_TARGET = 18.5;
				LOCALIZATION_PREFERS_STRING_CATALOGS = YES;
				MTL_ENABLE_DEBUG_INFO = NO;
				MTL_FAST_MATH = YES;
				SDKROOT = iphoneos;
				SWIFT_COMPILATION_MODE = wholemodule;
				VALIDATE_PRODUCT = YES;
			};
			name = Release;
		};
		6FB5DE312EC7D7F400DB4B31 /* Debug */ = {
			isa = XCBuildConfiguration;
			buildSettings = {
				BUNDLE_LOADER = "$(TEST_HOST)";
				CODE_SIGN_STYLE = Automatic;
				CURRENT_PROJECT_VERSION = 1;
				DEVELOPMENT_TEAM = 2DAKGAN354;
				GENERATE_INFOPLIST_FILE = YES;
				IPHONEOS_DEPLOYMENT_TARGET = 18.5;
				MARKETING_VERSION = 1.0;
				PRODUCT_BUNDLE_IDENTIFIER = "com.rassul.Spotify-MusicPlayerTests";
				PRODUCT_NAME = "$(TARGET_NAME)";
				SWIFT_EMIT_LOC_STRINGS = NO;
				SWIFT_VERSION = 5.0;
				TARGETED_DEVICE_FAMILY = "1,2";
				TEST_HOST = "$(BUILT_PRODUCTS_DIR)/Spotify_MusicPlayer.app/$(BUNDLE_EXECUTABLE_FOLDER_PATH)/Spotify_MusicPlayer";
			};
			name = Debug;
		};
		6FB5DE322EC7D7F400DB4B31 /* Release */ = {
			isa = XCBuildConfiguration;
			buildSettings = {
				BUNDLE_LOADER = "$(TEST_HOST)";
				CODE_SIGN_STYLE = Automatic;
				CURRENT_PROJECT_VERSION = 1;
				DEVELOPMENT_TEAM = 2DAKGAN354;
				GENERATE_INFOPLIST_FILE = YES;
				IPHONEOS_DEPLOYMENT_TARGET = 18.5;
				MARKETING_VERSION = 1.0;
				PRODUCT_BUNDLE_IDENTIFIER = "com.rassul.Spotify-MusicPlayerTests";
				PRODUCT_NAME = "$(TARGET_NAME)";
				SWIFT_EMIT_LOC_STRINGS = NO;
				SWIFT_VERSION = 5.0;
				TARGETED_DEVICE_FAMILY = "1,2";
				TEST_HOST = "$(BUILT_PRODUCTS_DIR)/Spotify_MusicPlayer.app/$(BUNDLE_EXECUTABLE_FOLDER_PATH)/Spotify_MusicPlayer";
			};
			name = Release;
		};
		6FB5DE342EC7D7F400DB4B31 /* Debug */ = {
			isa = XCBuildConfiguration;
			buildSettings = {
				CODE_SIGN_STYLE = Automatic;
				CURRENT_PROJECT_VERSION = 1;
				DEVELOPMENT_TEAM = 2DAKGAN354;
				GENERATE_INFOPLIST_FILE = YES;
				MARKETING_VERSION = 1.0;
				PRODUCT_BUNDLE_IDENTIFIER = "com.rassul.Spotify-MusicPlayerUITests";
				PRODUCT_NAME = "$(TARGET_NAME)";
				SWIFT_EMIT_LOC_STRINGS = NO;
				SWIFT_VERSION = 5.0;
				TARGETED_DEVICE_FAMILY = "1,2";
				TEST_TARGET_NAME = Spotify_MusicPlayer;
			};
			name = Debug;
		};
		6FB5DE352EC7D7F400DB4B31 /* Release */ = {
			isa = XCBuildConfiguration;
			buildSettings = {
				CODE_SIGN_STYLE = Automatic;
				CURRENT_PROJECT_VERSION = 1;
				DEVELOPMENT_TEAM = 2DAKGAN354;
				GENERATE_INFOPLIST_FILE = YES;
				MARKETING_VERSION = 1.0;
				PRODUCT_BUNDLE_IDENTIFIER = "com.rassul.Spotify-MusicPlayerUITests";
				PRODUCT_NAME = "$(TARGET_NAME)";
				SWIFT_EMIT_LOC_STRINGS = NO;
				SWIFT_VERSION = 5.0;
				TARGETED_DEVICE_FAMILY = "1,2";
				TEST_TARGET_NAME = Spotify_MusicPlayer;
			};
			name = Release;
		};
/* End XCBuildConfiguration section */

/* Begin XCConfigurationList section */
		6FB5DDFD2EC7D7F300DB4B31 /* Build configuration list for PBXProject "Spotify_MusicPlayer" */ = {
			isa = XCConfigurationList;
			buildConfigurations = (
				6FB5DE2E2EC7D7F400DB4B31 /* Debug */,
				6FB5DE2F2EC7D7F400DB4B31 /* Release */,
			);
			defaultConfigurationIsVisible = 0;
			defaultConfigurationName = Release;
		};
		6FB5DE2B2EC7D7F400DB4B31 /* Build configuration list for PBXNativeTarget "Spotify_MusicPlayer" */ = {
			isa = XCConfigurationList;
			buildConfigurations = (
				6FB5DE2C2EC7D7F400DB4B31 /* Debug */,
				6FB5DE2D2EC7D7F400DB4B31 /* Release */,
			);
			defaultConfigurationIsVisible = 0;
			defaultConfigurationName = Release;
		};
		6FB5DE302EC7D7F400DB4B31 /* Build configuration list for PBXNativeTarget "Spotify_MusicPlayerTests" */ = {
			isa = XCConfigurationList;
			buildConfigurations = (
				6FB5DE312EC7D7F400DB4B31 /* Debug */,
				6FB5DE322EC7D7F400DB4B31 /* Release */,
			);
			defaultConfigurationIsVisible = 0;
			defaultConfigurationName = Release;
		};
		6FB5DE332EC7D7F400DB4B31 /* Build configuration list for PBXNativeTarget "Spotify_MusicPlayerUITests" */ = {
			isa = XCConfigurationList;
			buildConfigurations = (
				6FB5DE342EC7D7F400DB4B31 /* Debug */,
				6FB5DE352EC7D7F400DB4B31 /* Release */,
			);
			defaultConfigurationIsVisible = 0;
			defaultConfigurationName = Release;
		};
/* End XCConfigurationList section */
	};
	rootObject = 6FB5DDFA2EC7D7F300DB4B31 /* Project object */;
}
